
Microsoft Visual Studio Solution File, Format Version 12.00
# Visual Studio 15
VisualStudioVersion = 15.0.26124.0
MinimumVisualStudioVersion = 15.0.26124.0
Project("{2150E333-8FDC-42A3-9474-1A3956D46DE8}") = "src", "src", "{B58E5574-993D-424D-BE4F-44C1942207A8}"
EndProject
Project("{FAE04EC0-301F-11D3-BF4B-00C04F79EFBC}") = "EttvAPI", "src\EttvAPI\EttvAPI.csproj", "{899BEAC9-6B63-4636-98F9-35F5E02FE970}"
EndProject
Project("{2150E333-8FDC-42A3-9474-1A3956D46DE8}") = "test", "test", "{D31AABCC-1003-44C6-9340-3AFEA6E01807}"
EndProject
Project("{FAE04EC0-301F-11D3-BF4B-00C04F79EFBC}") = "EttvAPI.Tests", "test\EttvAPI.Tests\EttvAPI.Tests.csproj", "{9ADCFB56-50BA-4E92-B039-6EA53B1130FF}"
EndProject
Global
	GlobalSection(SolutionConfigurationPlatforms) = preSolution
		Debug|Any CPU = Debug|Any CPU
		Debug|x64 = Debug|x64
		Debug|x86 = Debug|x86
		Release|Any CPU = Release|Any CPU
		Release|x64 = Release|x64
		Release|x86 = Release|x86
	EndGlobalSection
	GlobalSection(SolutionProperties) = preSolution
		HideSolutionNode = FALSE
	EndGlobalSection
	GlobalSection(ProjectConfigurationPlatforms) = postSolution
		{899BEAC9-6B63-4636-98F9-35F5E02FE970}.Debug|Any CPU.ActiveCfg = Debug|Any CPU
		{899BEAC9-6B63-4636-98F9-35F5E02FE970}.Debug|Any CPU.Build.0 = Debug|Any CPU
		{899BEAC9-6B63-4636-98F9-35F5E02FE970}.Debug|x64.ActiveCfg = Debug|Any CPU
		{899BEAC9-6B63-4636-98F9-35F5E02FE970}.Debug|x64.Build.0 = Debug|Any CPU
		{899BEAC9-6B63-4636-98F9-35F5E02FE970}.Debug|x86.ActiveCfg = Debug|Any CPU
		{899BEAC9-6B63-4636-98F9-35F5E02FE970}.Debug|x86.Build.0 = Debug|Any CPU
		{899BEAC9-6B63-4636-98F9-35F5E02FE970}.Release|Any CPU.ActiveCfg = Release|Any CPU
		{899BEAC9-6B63-4636-98F9-35F5E02FE970}.Release|Any CPU.Build.0 = Release|Any CPU
		{899BEAC9-6B63-4636-98F9-35F5E02FE970}.Release|x64.ActiveCfg = Release|Any CPU
		{899BEAC9-6B63-4636-98F9-35F5E02FE970}.Release|x64.Build.0 = Release|Any CPU
		{899BEAC9-6B63-4636-98F9-35F5E02FE970}.Release|x86.ActiveCfg = Release|Any CPU
		{899BEAC9-6B63-4636-98F9-35F5E02FE970}.Release|x86.Build.0 = Release|Any CPU
		{9ADCFB56-50BA-4E92-B039-6EA53B1130FF}.Debug|Any CPU.ActiveCfg = Debug|Any CPU
		{9ADCFB56-50BA-4E92-B039-6EA53B1130FF}.Debug|Any CPU.Build.0 = Debug|Any CPU
		{9ADCFB56-50BA-4E92-B039-6EA53B1130FF}.Debug|x64.ActiveCfg = Debug|Any CPU
		{9ADCFB56-50BA-4E92-B039-6EA53B1130FF}.Debug|x64.Build.0 = Debug|Any CPU
		{9ADCFB56-50BA-4E92-B039-6EA53B1130FF}.Debug|x86.ActiveCfg = Debug|Any CPU
		{9ADCFB56-50BA-4E92-B039-6EA53B1130FF}.Debug|x86.Build.0 = Debug|Any CPU
		{9ADCFB56-50BA-4E92-B039-6EA53B1130FF}.Release|Any CPU.ActiveCfg = Release|Any CPU
		{9ADCFB56-50BA-4E92-B039-6EA53B1130FF}.Release|Any CPU.Build.0 = Release|Any CPU
		{9ADCFB56-50BA-4E92-B039-6EA53B1130FF}.Release|x64.ActiveCfg = Release|Any CPU
		{9ADCFB56-50BA-4E92-B039-6EA53B1130FF}.Release|x64.Build.0 = Release|Any CPU
		{9ADCFB56-50BA-4E92-B039-6EA53B1130FF}.Release|x86.ActiveCfg = Release|Any CPU
		{9ADCFB56-50BA-4E92-B039-6EA53B1130FF}.Release|x86.Build.0 = Release|Any CPU
	EndGlobalSection
	GlobalSection(NestedProjects) = preSolution
		{899BEAC9-6B63-4636-98F9-35F5E02FE970} = {B58E5574-993D-424D-BE4F-44C1942207A8}
		{9ADCFB56-50BA-4E92-B039-6EA53B1130FF} = {D31AABCC-1003-44C6-9340-3AFEA6E01807}
	EndGlobalSection
EndGlobal
